{
  "requires": true,
  "lockfileVersion": 1,
  "dependencies": {
    "mathjax": {
      "version": "3.0.5",
      "resolved": "https://registry.npmjs.org/mathjax/-/mathjax-3.0.5.tgz",
      "integrity": "sha512-9M7VulhltkD8sIebWutK/VfAD+m+6BIFqfpjDh9Pz/etoKUtjO6UMnOhUcDmNl6iApE8C9xrUmaMyNZkZAlrMw=="
    }
  }
}
