{
  "requires": true,
  "lockfileVersion": 1,
  "dependencies": {
    "caniuse-db": {
      "version": "1.0.30000932",
      "resolved": "https://registry.npmjs.org/caniuse-db/-/caniuse-db-1.0.30000932.tgz",
      "integrity": "sha512-nc4jIhwpajQCvADmBo3F1fj8ySvE2+dw0lXAmYmtYJi1l7CvfdZVTkrwD60SrQHDC1mddgYtLyAcwrtYVtiMSQ=="
    },
    "lodash": {
      "version": "2.4.2",
      "resolved": "https://registry.npmjs.org/lodash/-/lodash-2.4.2.tgz",
      "integrity": "sha1-+t2DS5aDBz2hebPq5tnA0VBT9z4="
    },
    "prefiks": {
      "version": "0.3.3",
      "resolved": "https://registry.npmjs.org/prefiks/-/prefiks-0.3.3.tgz",
      "integrity": "sha1-msJjrmF37rtEzxQ7L/EXgFHJZuE=",
      "requires": {
        "caniuse-db": "^1.0",
        "lodash": "^2.4.1",
        "semver": "^4.0.3"
      }
    },
    "semver": {
      "version": "4.3.6",
      "resolved": "https://registry.npmjs.org/semver/-/semver-4.3.6.tgz",
      "integrity": "sha1-MAvG4OhjdPe6YQaLWx7NV/xlMto="
    }
  }
}
